GIT
  remote: https://github.com/flaccid/cookbooks
  path: cookbooks/chef
  ref: master
  sha: 936fb101b1ab08230c9531cbc9d9fe66e0c9fc68
  specs:
    chef (0.1.0)

GIT
  remote: https://github.com/flaccid/cookbooks
  path: cookbooks/rest_connection
  ref: master
  sha: 5c88f17138e73fbb42cfee96aa52b3f4497f4418
  specs:
    rest_connection (0.0.1)

DEPENDENCIES
  chef (>= 0)
  rest_connection (>= 0)

